{
  "version": 4,
  "terraform_version": "1.1.6",
  "serial": 22,
  "lineage": "ec5ae321-063b-22e2-c255-5faa754aea44",
  "outputs": {},
  "resources": [
    {
      "mode": "managed",
      "type": "github_repository",
      "name": "terraform-first-repo",
      "provider": "provider[\"registry.terraform.io/hashicorp/github\"]",
      "instances": [
        {
          "schema_version": 0,
          "attributes": {
            "allow_auto_merge": false,
            "allow_merge_commit": true,
            "allow_rebase_merge": true,
            "allow_squash_merge": true,
            "archive_on_destroy": null,
            "archived": false,
            "auto_init": true,
            "branches": [
              {
                "name": "main",
                "protected": false
              }
            ],
            "default_branch": "main",
            "delete_branch_on_merge": false,
            "description": "My awesome codebase",
            "etag": "W/\"51bda181d428946bf6acad54c4ac2b4e105136ce6b219f2e5e8e4c2568cd61e5\"",
            "full_name": "Rafiul29/first-repo-form-terraform1",
            "git_clone_url": "git://github.com/Rafiul29/first-repo-form-terraform1.git",
            "gitignore_template": null,
            "has_downloads": false,
            "has_issues": false,
            "has_projects": false,
            "has_wiki": false,
            "homepage_url": "",
            "html_url": "https://github.com/Rafiul29/first-repo-form-terraform1",
            "http_clone_url": "https://github.com/Rafiul29/first-repo-form-terraform1.git",
            "id": "first-repo-form-terraform1",
            "is_template": false,
            "license_template": null,
            "name": "first-repo-form-terraform1",
            "node_id": "R_kgDOG62ZUA",
            "pages": [],
            "private": false,
            "repo_id": 464361808,
            "ssh_clone_url": "git@github.com:Rafiul29/first-repo-form-terraform1.git",
            "svn_url": "https://github.com/Rafiul29/first-repo-form-terraform1",
            "template": [],
            "topics": null,
            "visibility": "public",
            "vulnerability_alerts": false
          },
          "sensitive_attributes": [],
          "private": "bnVsbA=="
        }
      ]
    },
    {
      "mode": "managed",
      "type": "github_repository",
      "name": "terraform-first-repo2",
      "provider": "provider[\"registry.terraform.io/hashicorp/github\"]",
      "instances": [
        {
          "schema_version": 0,
          "attributes": {
            "allow_auto_merge": false,
            "allow_merge_commit": true,
            "allow_rebase_merge": true,
            "allow_squash_merge": true,
            "archive_on_destroy": null,
            "archived": false,
            "auto_init": true,
            "branches": [
              {
                "name": "main",
                "protected": false
              }
            ],
            "default_branch": "main",
            "delete_branch_on_merge": false,
            "description": "My awesome codebase",
            "etag": "W/\"b8e4ef5aadd183c717fa34a1952f334cd1a3b1cd628408977c54a3e1dce6fda2\"",
            "full_name": "Rafiul29/first-repo-form-terraform2",
            "git_clone_url": "git://github.com/Rafiul29/first-repo-form-terraform2.git",
            "gitignore_template": null,
            "has_downloads": false,
            "has_issues": false,
            "has_projects": false,
            "has_wiki": false,
            "homepage_url": "",
            "html_url": "https://github.com/Rafiul29/first-repo-form-terraform2",
            "http_clone_url": "https://github.com/Rafiul29/first-repo-form-terraform2.git",
            "id": "first-repo-form-terraform2",
            "is_template": false,
            "license_template": null,
            "name": "first-repo-form-terraform2",
            "node_id": "R_kgDOG628Uw",
            "pages": [],
            "private": false,
            "repo_id": 464370771,
            "ssh_clone_url": "git@github.com:Rafiul29/first-repo-form-terraform2.git",
            "svn_url": "https://github.com/Rafiul29/first-repo-form-terraform2",
            "template": [],
            "topics": null,
            "visibility": "public",
            "vulnerability_alerts": false
          },
          "sensitive_attributes": [],
          "private": "bnVsbA=="
        }
      ]
    }
  ]
}
